
Microsoft Visual Studio Solution File, Format Version 12.00
# Visual Studio Version 16
VisualStudioVersion = 16.0.29209.62
MinimumVisualStudioVersion = 10.0.40219.1
Project("{FAE04EC0-301F-11D3-BF4B-00C04F79EFBC}") = "AppDevExercisesProject", "WebApp\AppDevExercisesProject.csproj", "{4173F4F4-4477-481B-8CD3-88D94A794064}"
EndProject
Global
	GlobalSection(SolutionConfigurationPlatforms) = preSolution
		Debug|Any CPU = Debug|Any CPU
		Release|Any CPU = Release|Any CPU
	EndGlobalSection
	GlobalSection(ProjectConfigurationPlatforms) = postSolution
		{4173F4F4-4477-481B-8CD3-88D94A794064}.Debug|Any CPU.ActiveCfg = Debug|Any CPU
		{4173F4F4-4477-481B-8CD3-88D94A794064}.Debug|Any CPU.Build.0 = Debug|Any CPU
		{4173F4F4-4477-481B-8CD3-88D94A794064}.Release|Any CPU.ActiveCfg = Release|Any CPU
		{4173F4F4-4477-481B-8CD3-88D94A794064}.Release|Any CPU.Build.0 = Release|Any CPU
	EndGlobalSection
	GlobalSection(SolutionProperties) = preSolution
		HideSolutionNode = FALSE
	EndGlobalSection
	GlobalSection(ExtensibilityGlobals) = postSolution
		SolutionGuid = {48E9BDAB-9BD8-49BE-B44E-B5BF3C1CE522}
	EndGlobalSection
EndGlobal
