
Microsoft Visual Studio Solution File, Format Version 12.00
# Visual Studio Version 16
VisualStudioVersion = 16.0.29209.62
MinimumVisualStudioVersion = 10.0.40219.1
Project("{FAE04EC0-301F-11D3-BF4B-00C04F79EFBC}") = "ClientServerFrameWork", "ClientServerFrameWork\ClientServerFrameWork.csproj", "{6343580C-3E3F-401C-A4F6-6494CA800DC5}"
EndProject
Project("{FAE04EC0-301F-11D3-BF4B-00C04F79EFBC}") = "NorthwindSystem", "NorthwindSystem\NorthwindSystem.csproj", "{C3E0BC96-3A77-4342-A96D-28B8E87C99CA}"
EndProject
Global
	GlobalSection(SolutionConfigurationPlatforms) = preSolution
		Debug|Any CPU = Debug|Any CPU
		Release|Any CPU = Release|Any CPU
	EndGlobalSection
	GlobalSection(ProjectConfigurationPlatforms) = postSolution
		{6343580C-3E3F-401C-A4F6-6494CA800DC5}.Debug|Any CPU.ActiveCfg = Debug|Any CPU
		{6343580C-3E3F-401C-A4F6-6494CA800DC5}.Debug|Any CPU.Build.0 = Debug|Any CPU
		{6343580C-3E3F-401C-A4F6-6494CA800DC5}.Release|Any CPU.ActiveCfg = Release|Any CPU
		{6343580C-3E3F-401C-A4F6-6494CA800DC5}.Release|Any CPU.Build.0 = Release|Any CPU
		{C3E0BC96-3A77-4342-A96D-28B8E87C99CA}.Debug|Any CPU.ActiveCfg = Debug|Any CPU
		{C3E0BC96-3A77-4342-A96D-28B8E87C99CA}.Debug|Any CPU.Build.0 = Debug|Any CPU
		{C3E0BC96-3A77-4342-A96D-28B8E87C99CA}.Release|Any CPU.ActiveCfg = Release|Any CPU
		{C3E0BC96-3A77-4342-A96D-28B8E87C99CA}.Release|Any CPU.Build.0 = Release|Any CPU
	EndGlobalSection
	GlobalSection(SolutionProperties) = preSolution
		HideSolutionNode = FALSE
	EndGlobalSection
	GlobalSection(ExtensibilityGlobals) = postSolution
		SolutionGuid = {9797A7AA-35D8-4BE6-963D-6CB642CC8259}
	EndGlobalSection
EndGlobal
