
Microsoft Visual Studio Solution File, Format Version 12.00
# Visual Studio Version 16
VisualStudioVersion = 16.0.29209.62
MinimumVisualStudioVersion = 10.0.40219.1
Project("{FAE04EC0-301F-11D3-BF4B-00C04F79EFBC}") = "Feb2Class", "Feb2Class\Feb2Class.csproj", "{7DABDA40-D70C-468C-B0F2-EFBB3D10F4DB}"
EndProject
Global
	GlobalSection(SolutionConfigurationPlatforms) = preSolution
		Debug|Any CPU = Debug|Any CPU
		Release|Any CPU = Release|Any CPU
	EndGlobalSection
	GlobalSection(ProjectConfigurationPlatforms) = postSolution
		{7DABDA40-D70C-468C-B0F2-EFBB3D10F4DB}.Debug|Any CPU.ActiveCfg = Debug|Any CPU
		{7DABDA40-D70C-468C-B0F2-EFBB3D10F4DB}.Debug|Any CPU.Build.0 = Debug|Any CPU
		{7DABDA40-D70C-468C-B0F2-EFBB3D10F4DB}.Release|Any CPU.ActiveCfg = Release|Any CPU
		{7DABDA40-D70C-468C-B0F2-EFBB3D10F4DB}.Release|Any CPU.Build.0 = Release|Any CPU
	EndGlobalSection
	GlobalSection(SolutionProperties) = preSolution
		HideSolutionNode = FALSE
	EndGlobalSection
	GlobalSection(ExtensibilityGlobals) = postSolution
		SolutionGuid = {6E9EC6AE-0858-401E-A362-EAAEB71E72B7}
	EndGlobalSection
EndGlobal
