
Microsoft Visual Studio Solution File, Format Version 12.00
# Visual Studio Version 16
VisualStudioVersion = 16.0.29209.62
MinimumVisualStudioVersion = 10.0.40219.1
Project("{FAE04EC0-301F-11D3-BF4B-00C04F79EFBC}") = "appdevObject1", "appdevObject1\appdevObject1.csproj", "{ECCC4480-644C-466C-962C-EB20258B0428}"
EndProject
Global
	GlobalSection(SolutionConfigurationPlatforms) = preSolution
		Debug|Any CPU = Debug|Any CPU
		Release|Any CPU = Release|Any CPU
	EndGlobalSection
	GlobalSection(ProjectConfigurationPlatforms) = postSolution
		{ECCC4480-644C-466C-962C-EB20258B0428}.Debug|Any CPU.ActiveCfg = Debug|Any CPU
		{ECCC4480-644C-466C-962C-EB20258B0428}.Debug|Any CPU.Build.0 = Debug|Any CPU
		{ECCC4480-644C-466C-962C-EB20258B0428}.Release|Any CPU.ActiveCfg = Release|Any CPU
		{ECCC4480-644C-466C-962C-EB20258B0428}.Release|Any CPU.Build.0 = Release|Any CPU
	EndGlobalSection
	GlobalSection(SolutionProperties) = preSolution
		HideSolutionNode = FALSE
	EndGlobalSection
	GlobalSection(ExtensibilityGlobals) = postSolution
		SolutionGuid = {EBC975AB-3375-4FF7-B269-1A37F9C14169}
	EndGlobalSection
EndGlobal
